PODS:
  - AFNetworking (1.3.4)
  - BlurryModalSegue (1.0.0):
    - MZAppearance (~> 1.1.1)
    - UIImage+BlurredFrame (~> 0.0.4)
  - CorePlot (1.6)
  - EAIntroView (2.2.2)
  - EFCircularSlider (0.1.0)
  - FontAwesome+iOS (0.1.1)
  - JVFloatLabeledTextField (0.0.8)
  - MagicalRecord (2.2):
    - MagicalRecord/Core (= 2.2)
  - MagicalRecord/Core (2.2)
  - MZAppearance (1.1.3)
  - PPiAwesomeButton (1.4.7):
    - FontAwesome+iOS
  - PPiFlatSegmentedControl (1.3.8):
    - PPiAwesomeButton
  - Reachability (3.1.1)
  - REFormattedNumberField (1.1.2)
  - RestKit (0.20.3):
    - RestKit/Core (= 0.20.3)
  - RestKit/Core (0.20.3):
    - RestKit/CoreData
    - RestKit/Network
    - RestKit/ObjectMapping
  - RestKit/CoreData (0.20.3)
  - RestKit/Network (0.20.3):
    - AFNetworking (~> 1.3.0)
    - RestKit/ObjectMapping
    - RestKit/Support
    - SOCKit
  - RestKit/ObjectMapping (0.20.3)
  - RestKit/Search (0.20.3):
    - RestKit/CoreData
  - RestKit/Support (0.20.3):
    - TransitionKit (= 1.1.1)
  - RestKit/Testing (0.20.3)
  - RETableViewManager (1.5.10):
    - REFormattedNumberField (~> 1.1.2)
    - REValidation (~> 0.1.4)
  - REValidation (0.1.4)
  - RMDateSelectionViewController (1.1.0)
  - SOCKit (1.1)
  - TransitionKit (1.1.1)
  - UIImage+BlurredFrame (0.0.4)

DEPENDENCIES:
  - BlurryModalSegue
  - CorePlot (~> 1.6)
  - EAIntroView (~> 2.2.0)
  - EFCircularSlider (~> 0.1.0)
  - JVFloatLabeledTextField
  - MagicalRecord
  - PPiFlatSegmentedControl (~> 1.3.3)
  - Reachability
  - RestKit (~> 0.20.3)
  - RestKit/Search (~> 0.20.3)
  - RestKit/Testing (~> 0.20.3)
  - RETableViewManager
  - RMDateSelectionViewController (~> 1.1.0)

SPEC CHECKSUMS:
  AFNetworking: cf8e418e16f0c9c7e5c3150d019a3c679d015018
  BlurryModalSegue: fb97c1668ab84209c5a49789c3441a63215552c4
  CorePlot: 820901f6c147f2d84549ffa1f0902869f980d74d
  EAIntroView: 84ef32c009a04208afc1a20547c6c9c7d0ed3a3c
  EFCircularSlider: 5a4baa272264e845577945c86e23d5d3996d3c37
  FontAwesome+iOS: 26037dac07b0768df058a1abfd28b10d553db393
  JVFloatLabeledTextField: 8e67126f7008768d1f782b2378297260d5e12e71
  MagicalRecord: 2dc87179ae7c1f2a274442624ec65a07d4357a6f
  MZAppearance: c2937318234fd782e900fb178942278881ac5490
  PPiAwesomeButton: 9b08862a85457a3087359e8c38d1c289338785b1
  PPiFlatSegmentedControl: 7c60444d0761769b15fbb344c35c6622f22ef9ad
  Reachability: dd9aa4fb6667b9f787690a74f53cb7634ce99893
  REFormattedNumberField: 242e9973174d8d4d77d8ccfb8d14aa13f044402e
  RestKit: aac0c81c60d30fdd829d627d062f0eea231eb52c
  RETableViewManager: b943a12b8684d8563b6daa30e3ceab390856c1c3
  REValidation: 38c4de1be58455f8b00aab208ac80db316a66b7f
  RMDateSelectionViewController: 4585dcd2024d5e213b792c0834caaa7da8696df5
  SOCKit: c7376ac262bea9115b8f749358f762522a47d392
  TransitionKit: aec4d65b2be460fec0db04f905e8bedca601d669
  UIImage+BlurredFrame: ad2f7195c6947ea3117c7d202f75a51958d5061a

PODFILE CHECKSUM: d998fe51844ee2c1df240e42428674b4681f01db

COCOAPODS: 1.1.1
